# This file is automatically generated.
# It is not intended for manual editing.
version = 1

[[packages]]
name = "warpdrive:vectr"
registry = "wa.dev"

[[packages.versions]]
requirement = "=2.12.0"
version = "2.12.0"
digest = "sha256:af5dd94b10dbed46398e4490ed39157a8919b67e890ca8a2076ca4d2ee05cbe8"
