# This file is automatically generated.
# It is not intended for manual editing.
version = 1

[[packages]]
name = "warpdrive:vectr"
registry = "wa.dev"

[[packages.versions]]
requirement = "=2.10.0"
version = "2.10.0"
digest = "sha256:39328cc863d031c3b08eb50f48449e41a4bf973373b746b6ed0e3434ea023f98"
